
Microsoft Visual Studio Solution File, Format Version 12.00
# Visual Studio 15
VisualStudioVersion = 15.0.28307.1684
MinimumVisualStudioVersion = 10.0.40219.1
Project("{FAE04EC0-301F-11D3-BF4B-00C04F79EFBC}") = "e-Shift_MS", "e-Shift_MS\e-Shift_MS.csproj", "{CDC2C81F-8FA3-47B0-90C9-6F1931D03436}"
EndProject
Global
	GlobalSection(SolutionConfigurationPlatforms) = preSolution
		Debug|Any CPU = Debug|Any CPU
		Release|Any CPU = Release|Any CPU
	EndGlobalSection
	GlobalSection(ProjectConfigurationPlatforms) = postSolution
		{CDC2C81F-8FA3-47B0-90C9-6F1931D03436}.Debug|Any CPU.ActiveCfg = Debug|Any CPU
		{CDC2C81F-8FA3-47B0-90C9-6F1931D03436}.Debug|Any CPU.Build.0 = Debug|Any CPU
		{CDC2C81F-8FA3-47B0-90C9-6F1931D03436}.Release|Any CPU.ActiveCfg = Release|Any CPU
		{CDC2C81F-8FA3-47B0-90C9-6F1931D03436}.Release|Any CPU.Build.0 = Release|Any CPU
	EndGlobalSection
	GlobalSection(SolutionProperties) = preSolution
		HideSolutionNode = FALSE
	EndGlobalSection
	GlobalSection(ExtensibilityGlobals) = postSolution
		SolutionGuid = {6F7492B8-4530-4152-AAB6-838B968C28AB}
	EndGlobalSection
EndGlobal
